
Microsoft Visual Studio Solution File, Format Version 12.00
# Visual Studio 14
VisualStudioVersion = 14.0.25420.1
MinimumVisualStudioVersion = 10.0.40219.1
Project("{FAE04EC0-301F-11D3-BF4B-00C04F79EFBC}") = "CarParkCalculator", "CarParkCalculator\CarParkCalculator.csproj", "{97CF0BA3-2F7A-4B31-81E0-E7C6046D2816}"
EndProject
Project("{FAE04EC0-301F-11D3-BF4B-00C04F79EFBC}") = "CarParkCalculator.Test", "CarParkCalculator.Test\CarParkCalculator.Test.csproj", "{7F6A51F7-D9AD-498F-963C-388317397E09}"
EndProject
Global
	GlobalSection(SolutionConfigurationPlatforms) = preSolution
		Debug|Any CPU = Debug|Any CPU
		Release|Any CPU = Release|Any CPU
	EndGlobalSection
	GlobalSection(ProjectConfigurationPlatforms) = postSolution
		{97CF0BA3-2F7A-4B31-81E0-E7C6046D2816}.Debug|Any CPU.ActiveCfg = Debug|Any CPU
		{97CF0BA3-2F7A-4B31-81E0-E7C6046D2816}.Debug|Any CPU.Build.0 = Debug|Any CPU
		{97CF0BA3-2F7A-4B31-81E0-E7C6046D2816}.Release|Any CPU.ActiveCfg = Release|Any CPU
		{97CF0BA3-2F7A-4B31-81E0-E7C6046D2816}.Release|Any CPU.Build.0 = Release|Any CPU
		{7F6A51F7-D9AD-498F-963C-388317397E09}.Debug|Any CPU.ActiveCfg = Debug|Any CPU
		{7F6A51F7-D9AD-498F-963C-388317397E09}.Debug|Any CPU.Build.0 = Debug|Any CPU
		{7F6A51F7-D9AD-498F-963C-388317397E09}.Release|Any CPU.ActiveCfg = Release|Any CPU
		{7F6A51F7-D9AD-498F-963C-388317397E09}.Release|Any CPU.Build.0 = Release|Any CPU
	EndGlobalSection
	GlobalSection(SolutionProperties) = preSolution
		HideSolutionNode = FALSE
	EndGlobalSection
EndGlobal
